
Microsoft Visual Studio Solution File, Format Version 12.00
# Visual Studio Version 17
VisualStudioVersion = 17.4.33205.214
MinimumVisualStudioVersion = 10.0.40219.1
Project("{FAE04EC0-301F-11D3-BF4B-00C04F79EFBC}") = "CarShopUI", "CarShopUI.csproj", "{A8B24A93-5CD2-4D12-AF61-3E9F34993315}"
EndProject
Project("{9A19103F-16F7-4668-BE54-9A1E7A4F7556}") = "CarClassLibrary", "..\CarClassLibrary2\CarClassLibrary\CarClassLibrary\CarClassLibrary.csproj", "{995B8CCB-16E2-4B8C-889D-84AEBFAB4299}"
EndProject
Global
	GlobalSection(SolutionConfigurationPlatforms) = preSolution
		Debug|Any CPU = Debug|Any CPU
		Release|Any CPU = Release|Any CPU
	EndGlobalSection
	GlobalSection(ProjectConfigurationPlatforms) = postSolution
		{A8B24A93-5CD2-4D12-AF61-3E9F34993315}.Debug|Any CPU.ActiveCfg = Debug|Any CPU
		{A8B24A93-5CD2-4D12-AF61-3E9F34993315}.Debug|Any CPU.Build.0 = Debug|Any CPU
		{A8B24A93-5CD2-4D12-AF61-3E9F34993315}.Release|Any CPU.ActiveCfg = Release|Any CPU
		{A8B24A93-5CD2-4D12-AF61-3E9F34993315}.Release|Any CPU.Build.0 = Release|Any CPU
		{995B8CCB-16E2-4B8C-889D-84AEBFAB4299}.Debug|Any CPU.ActiveCfg = Debug|Any CPU
		{995B8CCB-16E2-4B8C-889D-84AEBFAB4299}.Debug|Any CPU.Build.0 = Debug|Any CPU
		{995B8CCB-16E2-4B8C-889D-84AEBFAB4299}.Release|Any CPU.ActiveCfg = Release|Any CPU
		{995B8CCB-16E2-4B8C-889D-84AEBFAB4299}.Release|Any CPU.Build.0 = Release|Any CPU
	EndGlobalSection
	GlobalSection(SolutionProperties) = preSolution
		HideSolutionNode = FALSE
	EndGlobalSection
	GlobalSection(ExtensibilityGlobals) = postSolution
		SolutionGuid = {6A2F9D86-AC2D-40E2-AC6F-CBB63A71DD29}
	EndGlobalSection
EndGlobal
